// !$*UTF8*$!
{
	archiveVersion = 1;
	classes = {
	};
	objectVersion = 46;
	objects = {

/* Begin PBXBuildFile section */
		5ACB6EEA1AF9636D00FCC5F7 /* AppDelegate.m in Sources */ = {isa = PBXBuildFile; fileRef = 5ACB6EE91AF9636D00FCC5F7 /* AppDelegate.m */; };
		5ACB6EEC1AF9636D00FCC5F7 /* main.m in Sources */ = {isa = PBXBuildFile; fileRef = 5ACB6EEB1AF9636D00FCC5F7 /* main.m */; };
		5ACB6EEE1AF9636D00FCC5F7 /* Images.xcassets in Resources */ = {isa = PBXBuildFile; fileRef = 5ACB6EED1AF9636D00FCC5F7 /* Images.xcassets */; };
		5ACB6EF11AF9636D00FCC5F7 /* MainMenu.xib in Resources */ = {isa = PBXBuildFile; fileRef = 5ACB6EEF1AF9636D00FCC5F7 /* MainMenu.xib */; };
		5ACB6EFD1AF9636D00FCC5F7 /* DTGoogleAuthTests.m in Sources */ = {isa = PBXBuildFile; fileRef = 5ACB6EFC1AF9636D00FCC5F7 /* DTGoogleAuthTests.m */; };
/* End PBXBuildFile section */

/* Begin PBXContainerItemProxy section */
		5ACB6EF71AF9636D00FCC5F7 /* PBXContainerItemProxy */ = {
			isa = PBXContainerItemProxy;
			containerPortal = 5ACB6EDB1AF9636D00FCC5F7 /* Project object */;
			proxyType = 1;
			remoteGlobalIDString = 5ACB6EE21AF9636D00FCC5F7;
			remoteInfo = DTGoogleAuth;
		};
/* End PBXContainerItemProxy section */

/* Begin PBXFileReference section */
		5ACB6EE31AF9636D00FCC5F7 /* DTGoogleAuth.app */ = {isa = PBXFileReference; explicitFileType = wrapper.application; includeInIndex = 0; path = DTGoogleAuth.app; sourceTree = BUILT_PRODUCTS_DIR; };
		5ACB6EE71AF9636D00FCC5F7 /* Info.plist */ = {isa = PBXFileReference; lastKnownFileType = text.plist.xml; path = Info.plist; sourceTree = "<group>"; };
		5ACB6EE81AF9636D00FCC5F7 /* AppDelegate.h */ = {isa = PBXFileReference; lastKnownFileType = sourcecode.c.h; path = AppDelegate.h; sourceTree = "<group>"; };
		5ACB6EE91AF9636D00FCC5F7 /* AppDelegate.m */ = {isa = PBXFileReference; lastKnownFileType = sourcecode.c.objc; path = AppDelegate.m; sourceTree = "<group>"; };
		5ACB6EEB1AF9636D00FCC5F7 /* main.m */ = {isa = PBXFileReference; lastKnownFileType = sourcecode.c.objc; path = main.m; sourceTree = "<group>"; };
		5ACB6EED1AF9636D00FCC5F7 /* Images.xcassets */ = {isa = PBXFileReference; lastKnownFileType = folder.assetcatalog; path = Images.xcassets; sourceTree = "<group>"; };
		5ACB6EF01AF9636D00FCC5F7 /* Base */ = {isa = PBXFileReference; lastKnownFileType = file.xib; name = Base; path = Base.lproj/MainMenu.xib; sourceTree = "<group>"; };
		5ACB6EF61AF9636D00FCC5F7 /* DTGoogleAuthTests.xctest */ = {isa = PBXFileReference; explicitFileType = wrapper.cfbundle; includeInIndex = 0; path = DTGoogleAuthTests.xctest; sourceTree = BUILT_PRODUCTS_DIR; };
		5ACB6EFB1AF9636D00FCC5F7 /* Info.plist */ = {isa = PBXFileReference; lastKnownFileType = text.plist.xml; path = Info.plist; sourceTree = "<group>"; };
		5ACB6EFC1AF9636D00FCC5F7 /* DTGoogleAuthTests.m */ = {isa = PBXFileReference; lastKnownFileType = sourcecode.c.objc; path = DTGoogleAuthTests.m; sourceTree = "<group>"; };
/* End PBXFileReference section */

/* Begin PBXFrameworksBuildPhase section */
		5ACB6EE01AF9636D00FCC5F7 /* Frameworks */ = {
			isa = PBXFrameworksBuildPhase;
			buildActionMask = 2147483647;
			files = (
			);
			runOnlyForDeploymentPostprocessing = 0;
		};
		5ACB6EF31AF9636D00FCC5F7 /* Frameworks */ = {
			isa = PBXFrameworksBuildPhase;
			buildActionMask = 2147483647;
			files = (
			);
			runOnlyForDeploymentPostprocessing = 0;
		};
/* End PBXFrameworksBuildPhase section */

/* Begin PBXGroup section */
		5ACB6EDA1AF9636D00FCC5F7 = {
			isa = PBXGroup;
			children = (
				5ACB6EE51AF9636D00FCC5F7 /* DTGoogleAuth */,
				5ACB6EF91AF9636D00FCC5F7 /* DTGoogleAuthTests */,
				5ACB6EE41AF9636D00FCC5F7 /* Products */,
			);
			sourceTree = "<group>";
		};
		5ACB6EE41AF9636D00FCC5F7 /* Products */ = {
			isa = PBXGroup;
			children = (
				5ACB6EE31AF9636D00FCC5F7 /* DTGoogleAuth.app */,
				5ACB6EF61AF9636D00FCC5F7 /* DTGoogleAuthTests.xctest */,
			);
			name = Products;
			sourceTree = "<group>";
		};
		5ACB6EE51AF9636D00FCC5F7 /* DTGoogleAuth */ = {
			isa = PBXGroup;
			children = (
				5ACB6EE81AF9636D00FCC5F7 /* AppDelegate.h */,
				5ACB6EE91AF9636D00FCC5F7 /* AppDelegate.m */,
				5ACB6EED1AF9636D00FCC5F7 /* Images.xcassets */,
				5ACB6EEF1AF9636D00FCC5F7 /* MainMenu.xib */,
				5ACB6EE61AF9636D00FCC5F7 /* Supporting Files */,
			);
			path = DTGoogleAuth;
			sourceTree = "<group>";
		};
		5ACB6EE61AF9636D00FCC5F7 /* Supporting Files */ = {
			isa = PBXGroup;
			children = (
				5ACB6EE71AF9636D00FCC5F7 /* Info.plist */,
				5ACB6EEB1AF9636D00FCC5F7 /* main.m */,
			);
			name = "Supporting Files";
			sourceTree = "<group>";
		};
		5ACB6EF91AF9636D00FCC5F7 /* DTGoogleAuthTests */ = {
			isa = PBXGroup;
			children = (
				5ACB6EFC1AF9636D00FCC5F7 /* DTGoogleAuthTests.m */,
				5ACB6EFA1AF9636D00FCC5F7 /* Supporting Files */,
			);
			path = DTGoogleAuthTests;
			sourceTree = "<group>";
		};
		5ACB6EFA1AF9636D00FCC5F7 /* Supporting Files */ = {
			isa = PBXGroup;
			children = (
				5ACB6EFB1AF9636D00FCC5F7 /* Info.plist */,
			);
			name = "Supporting Files";
			sourceTree = "<group>";
		};
/* End PBXGroup section */

/* Begin PBXNativeTarget section */
		5ACB6EE21AF9636D00FCC5F7 /* DTGoogleAuth */ = {
			isa = PBXNativeTarget;
			buildConfigurationList = 5ACB6F001AF9636D00FCC5F7 /* Build configuration list for PBXNativeTarget "DTGoogleAuth" */;
			buildPhases = (
				5ACB6EDF1AF9636D00FCC5F7 /* Sources */,
				5ACB6EE01AF9636D00FCC5F7 /* Frameworks */,
				5ACB6EE11AF9636D00FCC5F7 /* Resources */,
			);
			buildRules = (
			);
			dependencies = (
			);
			name = DTGoogleAuth;
			productName = DTGoogleAuth;
			productReference = 5ACB6EE31AF9636D00FCC5F7 /* DTGoogleAuth.app */;
			productType = "com.apple.product-type.application";
		};
		5ACB6EF51AF9636D00FCC5F7 /* DTGoogleAuthTests */ = {
			isa = PBXNativeTarget;
			buildConfigurationList = 5ACB6F031AF9636D00FCC5F7 /* Build configuration list for PBXNativeTarget "DTGoogleAuthTests" */;
			buildPhases = (
				5ACB6EF21AF9636D00FCC5F7 /* Sources */,
				5ACB6EF31AF9636D00FCC5F7 /* Frameworks */,
				5ACB6EF41AF9636D00FCC5F7 /* Resources */,
			);
			buildRules = (
			);
			dependencies = (
				5ACB6EF81AF9636D00FCC5F7 /* PBXTargetDependency */,
			);
			name = DTGoogleAuthTests;
			productName = DTGoogleAuthTests;
			productReference = 5ACB6EF61AF9636D00FCC5F7 /* DTGoogleAuthTests.xctest */;
			productType = "com.apple.product-type.bundle.unit-test";
		};
/* End PBXNativeTarget section */

/* Begin PBXProject section */
		5ACB6EDB1AF9636D00FCC5F7 /* Project object */ = {
			isa = PBXProject;
			attributes = {
				LastUpgradeCheck = 0630;
				ORGANIZATIONNAME = "Diego Torres";
				TargetAttributes = {
					5ACB6EE21AF9636D00FCC5F7 = {
						CreatedOnToolsVersion = 6.3.1;
					};
					5ACB6EF51AF9636D00FCC5F7 = {
						CreatedOnToolsVersion = 6.3.1;
						TestTargetID = 5ACB6EE21AF9636D00FCC5F7;
					};
				};
			};
			buildConfigurationList = 5ACB6EDE1AF9636D00FCC5F7 /* Build configuration list for PBXProject "DTGoogleAuth" */;
			compatibilityVersion = "Xcode 3.2";
			developmentRegion = English;
			hasScannedForEncodings = 0;
			knownRegions = (
				en,
				Base,
			);
			mainGroup = 5ACB6EDA1AF9636D00FCC5F7;
			productRefGroup = 5ACB6EE41AF9636D00FCC5F7 /* Products */;
			projectDirPath = "";
			projectRoot = "";
			targets = (
				5ACB6EE21AF9636D00FCC5F7 /* DTGoogleAuth */,
				5ACB6EF51AF9636D00FCC5F7 /* DTGoogleAuthTests */,
			);
		};
/* End PBXProject section */

/* Begin PBXResourcesBuildPhase section */
		5ACB6EE11AF9636D00FCC5F7 /* Resources */ = {
			isa = PBXResourcesBuildPhase;
			buildActionMask = 2147483647;
			files = (
				5ACB6EEE1AF9636D00FCC5F7 /* Images.xcassets in Resources */,
				5ACB6EF11AF9636D00FCC5F7 /* MainMenu.xib in Resources */,
			);
			runOnlyForDeploymentPostprocessing = 0;
		};
		5ACB6EF41AF9636D00FCC5F7 /* Resources */ = {
			isa = PBXResourcesBuildPhase;
			buildActionMask = 2147483647;
			files = (
			);
			runOnlyForDeploymentPostprocessing = 0;
		};
/* End PBXResourcesBuildPhase section */

/* Begin PBXSourcesBuildPhase section */
		5ACB6EDF1AF9636D00FCC5F7 /* Sources */ = {
			isa = PBXSourcesBuildPhase;
			buildActionMask = 2147483647;
			files = (
				5ACB6EEC1AF9636D00FCC5F7 /* main.m in Sources */,
				5ACB6EEA1AF9636D00FCC5F7 /* AppDelegate.m in Sources */,
			);
			runOnlyForDeploymentPostprocessing = 0;
		};
		5ACB6EF21AF9636D00FCC5F7 /* Sources */ = {
			isa = PBXSourcesBuildPhase;
			buildActionMask = 2147483647;
			files = (
				5ACB6EFD1AF9636D00FCC5F7 /* DTGoogleAuthTests.m in Sources */,
			);
			runOnlyForDeploymentPostprocessing = 0;
		};
/* End PBXSourcesBuildPhase section */

/* Begin PBXTargetDependency section */
		5ACB6EF81AF9636D00FCC5F7 /* PBXTargetDependency */ = {
			isa = PBXTargetDependency;
			target = 5ACB6EE21AF9636D00FCC5F7 /* DTGoogleAuth */;
			targetProxy = 5ACB6EF71AF9636D00FCC5F7 /* PBXContainerItemProxy */;
		};
/* End PBXTargetDependency section */

/* Begin PBXVariantGroup section */
		5ACB6EEF1AF9636D00FCC5F7 /* MainMenu.xib */ = {
			isa = PBXVariantGroup;
			children = (
				5ACB6EF01AF9636D00FCC5F7 /* Base */,
			);
			name = MainMenu.xib;
			sourceTree = "<group>";
		};
/* End PBXVariantGroup section */

/* Begin XCBuildConfiguration section */
		5ACB6EFE1AF9636D00FCC5F7 /* Debug */ = {
			isa = XCBuildConfiguration;
			buildSettings = {
				ALWAYS_SEARCH_USER_PATHS = NO;
				CLANG_CXX_LANGUAGE_STANDARD = "gnu++0x";
				CLANG_CXX_LIBRARY = "libc++";
				CLANG_ENABLE_MODULES = YES;
				CLANG_ENABLE_OBJC_ARC = YES;
				CLANG_WARN_BOOL_CONVERSION = YES;
				CLANG_WARN_CONSTANT_CONVERSION = YES;
				CLANG_WARN_DIRECT_OBJC_ISA_USAGE = YES_ERROR;
				CLANG_WARN_EMPTY_BODY = YES;
				CLANG_WARN_ENUM_CONVERSION = YES;
				CLANG_WARN_INT_CONVERSION = YES;
				CLANG_WARN_OBJC_ROOT_CLASS = YES_ERROR;
				CLANG_WARN_UNREACHABLE_CODE = YES;
				CLANG_WARN__DUPLICATE_METHOD_MATCH = YES;
				CODE_SIGN_IDENTITY = "-";
				COPY_PHASE_STRIP = NO;
				DEBUG_INFORMATION_FORMAT = dwarf;
				ENABLE_STRICT_OBJC_MSGSEND = YES;
				GCC_C_LANGUAGE_STANDARD = gnu99;
				GCC_DYNAMIC_NO_PIC = NO;
				GCC_NO_COMMON_BLOCKS = YES;
				GCC_OPTIMIZATION_LEVEL = 0;
				GCC_PREPROCESSOR_DEFINITIONS = (
					"DEBUG=1",
					"$(inherited)",
				);
				GCC_SYMBOLS_PRIVATE_EXTERN = NO;
				GCC_WARN_64_TO_32_BIT_CONVERSION = YES;
				GCC_WARN_ABOUT_RETURN_TYPE = YES_ERROR;
				GCC_WARN_UNDECLARED_SELECTOR = YES;
				GCC_WARN_UNINITIALIZED_AUTOS = YES_AGGRESSIVE;
				GCC_WARN_UNUSED_FUNCTION = YES;
				GCC_WARN_UNUSED_VARIABLE = YES;
				MACOSX_DEPLOYMENT_TARGET = 10.10;
				MTL_ENABLE_DEBUG_INFO = YES;
				ONLY_ACTIVE_ARCH = YES;
				SDKROOT = macosx;
			};
			name = Debug;
		};
		5ACB6EFF1AF9636D00FCC5F7 /* Release */ = {
			isa = XCBuildConfiguration;
			buildSettings = {
				ALWAYS_SEARCH_USER_PATHS = NO;
				CLANG_CXX_LANGUAGE_STANDARD = "gnu++0x";
				CLANG_CXX_LIBRARY = "libc++";
				CLANG_ENABLE_MODULES = YES;
				CLANG_ENABLE_OBJC_ARC = YES;
				CLANG_WARN_BOOL_CONVERSION = YES;
				CLANG_WARN_CONSTANT_CONVERSION = YES;
				CLANG_WARN_DIRECT_OBJC_ISA_USAGE = YES_ERROR;
				CLANG_WARN_EMPTY_BODY = YES;
				CLANG_WARN_ENUM_CONVERSION = YES;
				CLANG_WARN_INT_CONVERSION = YES;
				CLANG_WARN_OBJC_ROOT_CLASS = YES_ERROR;
				CLANG_WARN_UNREACHABLE_CODE = YES;
				CLANG_WARN__DUPLICATE_METHOD_MATCH = YES;
				CODE_SIGN_IDENTITY = "-";
				COPY_PHASE_STRIP = NO;
				DEBUG_INFORMATION_FORMAT = "dwarf-with-dsym";
				ENABLE_NS_ASSERTIONS = NO;
				ENABLE_STRICT_OBJC_MSGSEND = YES;
				GCC_C_LANGUAGE_STANDARD = gnu99;
				GCC_NO_COMMON_BLOCKS = YES;
				GCC_WARN_64_TO_32_BIT_CONVERSION = YES;
				GCC_WARN_ABOUT_RETURN_TYPE = YES_ERROR;
				GCC_WARN_UNDECLARED_SELECTOR = YES;
				GCC_WARN_UNINITIALIZED_AUTOS = YES_AGGRESSIVE;
				GCC_WARN_UNUSED_FUNCTION = YES;
				GCC_WARN_UNUSED_VARIABLE = YES;
				MACOSX_DEPLOYMENT_TARGET = 10.10;
				MTL_ENABLE_DEBUG_INFO = NO;
				SDKROOT = macosx;
			};
			name = Release;
		};
		5ACB6F011AF9636D00FCC5F7 /* Debug */ = {
			isa = XCBuildConfiguration;
			buildSettings = {
				ASSETCATALOG_COMPILER_APPICON_NAME = AppIcon;
				COMBINE_HIDPI_IMAGES = YES;
				INFOPLIST_FILE = DTGoogleAuth/Info.plist;
				LD_RUNPATH_SEARCH_PATHS = "$(inherited) @executable_path/../Frameworks";
				PRODUCT_NAME = "$(TARGET_NAME)";
			};
			name = Debug;
		};
		5ACB6F021AF9636D00FCC5F7 /* Release */ = {
			isa = XCBuildConfiguration;
			buildSettings = {
				ASSETCATALOG_COMPILER_APPICON_NAME = AppIcon;
				COMBINE_HIDPI_IMAGES = YES;
				INFOPLIST_FILE = DTGoogleAuth/Info.plist;
				LD_RUNPATH_SEARCH_PATHS = "$(inherited) @executable_path/../Frameworks";
				PRODUCT_NAME = "$(TARGET_NAME)";
			};
			name = Release;
		};
		5ACB6F041AF9636D00FCC5F7 /* Debug */ = {
			isa = XCBuildConfiguration;
			buildSettings = {
				BUNDLE_LOADER = "$(TEST_HOST)";
				COMBINE_HIDPI_IMAGES = YES;
				FRAMEWORK_SEARCH_PATHS = (
					"$(DEVELOPER_FRAMEWORKS_DIR)",
					"$(inherited)",
				);
				GCC_PREPROCESSOR_DEFINITIONS = (
					"DEBUG=1",
					"$(inherited)",
				);
				INFOPLIST_FILE = DTGoogleAuthTests/Info.plist;
				LD_RUNPATH_SEARCH_PATHS = "$(inherited) @executable_path/../Frameworks @loader_path/../Frameworks";
				PRODUCT_NAME = "$(TARGET_NAME)";
				TEST_HOST = "$(BUILT_PRODUCTS_DIR)/DTGoogleAuth.app/Contents/MacOS/DTGoogleAuth";
			};
			name = Debug;
		};
		5ACB6F051AF9636D00FCC5F7 /* Release */ = {
			isa = XCBuildConfiguration;
			buildSettings = {
				BUNDLE_LOADER = "$(TEST_HOST)";
				COMBINE_HIDPI_IMAGES = YES;
				FRAMEWORK_SEARCH_PATHS = (
					"$(DEVELOPER_FRAMEWORKS_DIR)",
					"$(inherited)",
				);
				INFOPLIST_FILE = DTGoogleAuthTests/Info.plist;
				LD_RUNPATH_SEARCH_PATHS = "$(inherited) @executable_path/../Frameworks @loader_path/../Frameworks";
				PRODUCT_NAME = "$(TARGET_NAME)";
				TEST_HOST = "$(BUILT_PRODUCTS_DIR)/DTGoogleAuth.app/Contents/MacOS/DTGoogleAuth";
			};
			name = Release;
		};
/* End XCBuildConfiguration section */

/* Begin XCConfigurationList section */
		5ACB6EDE1AF9636D00FCC5F7 /* Build configuration list for PBXProject "DTGoogleAuth" */ = {
			isa = XCConfigurationList;
			buildConfigurations = (
				5ACB6EFE1AF9636D00FCC5F7 /* Debug */,
				5ACB6EFF1AF9636D00FCC5F7 /* Release */,
			);
			defaultConfigurationIsVisible = 0;
			defaultConfigurationName = Release;
		};
		5ACB6F001AF9636D00FCC5F7 /* Build configuration list for PBXNativeTarget "DTGoogleAuth" */ = {
			isa = XCConfigurationList;
			buildConfigurations = (
				5ACB6F011AF9636D00FCC5F7 /* Debug */,
				5ACB6F021AF9636D00FCC5F7 /* Release */,
			);
			defaultConfigurationIsVisible = 0;
		};
		5ACB6F031AF9636D00FCC5F7 /* Build configuration list for PBXNativeTarget "DTGoogleAuthTests" */ = {
			isa = XCConfigurationList;
			buildConfigurations = (
				5ACB6F041AF9636D00FCC5F7 /* Debug */,
				5ACB6F051AF9636D00FCC5F7 /* Release */,
			);
			defaultConfigurationIsVisible = 0;
		};
/* End XCConfigurationList section */
	};
	rootObject = 5ACB6EDB1AF9636D00FCC5F7 /* Project object */;
}
